
Microsoft Visual Studio Solution File, Format Version 12.00
# Visual Studio 2012
Project("{FAE04EC0-301F-11D3-BF4B-00C04F79EFBC}") = "Nounal", "Nounal\Nounal.csproj", "{5FEA3770-5D0F-4661-B824-0BC26CA77529}"
EndProject
Project("{FAE04EC0-301F-11D3-BF4B-00C04F79EFBC}") = "Nounal.Tests", "Nounal.Tests\Nounal.Tests.csproj", "{195AC621-A18A-4F04-88F3-4EA6379E6160}"
EndProject
Global
	GlobalSection(SolutionConfigurationPlatforms) = preSolution
		Debug|Any CPU = Debug|Any CPU
		Release|Any CPU = Release|Any CPU
	EndGlobalSection
	GlobalSection(ProjectConfigurationPlatforms) = postSolution
		{5FEA3770-5D0F-4661-B824-0BC26CA77529}.Debug|Any CPU.ActiveCfg = Debug|Any CPU
		{5FEA3770-5D0F-4661-B824-0BC26CA77529}.Debug|Any CPU.Build.0 = Debug|Any CPU
		{5FEA3770-5D0F-4661-B824-0BC26CA77529}.Release|Any CPU.ActiveCfg = Release|Any CPU
		{5FEA3770-5D0F-4661-B824-0BC26CA77529}.Release|Any CPU.Build.0 = Release|Any CPU
		{195AC621-A18A-4F04-88F3-4EA6379E6160}.Debug|Any CPU.ActiveCfg = Debug|Any CPU
		{195AC621-A18A-4F04-88F3-4EA6379E6160}.Debug|Any CPU.Build.0 = Debug|Any CPU
		{195AC621-A18A-4F04-88F3-4EA6379E6160}.Release|Any CPU.ActiveCfg = Release|Any CPU
		{195AC621-A18A-4F04-88F3-4EA6379E6160}.Release|Any CPU.Build.0 = Release|Any CPU
	EndGlobalSection
EndGlobal
